{
  "requires": true,
  "lockfileVersion": 1,
  "dependencies": {
    "formBuilder": {
      "version": "3.17.3",
      "resolved": "https://registry.npmjs.org/formBuilder/-/formBuilder-3.17.3.tgz",
      "integrity": "sha512-fVEJmON7AKIKq3JWQXuOix28cSn5ivvGmDf1upegeVbPecGse/GPS1Uk1lDXCWDG9qWGcyVm8lkX4nv1U5zjcw==",
      "requires": {
        "jquery": ">=3.4.1",
        "jquery-ui-sortable": "*"
      }
    },
    "jquery": {
      "version": "3.7.1",
      "resolved": "https://registry.npmjs.org/jquery/-/jquery-3.7.1.tgz",
      "integrity": "sha512-m4avr8yL8kmFN8psrbFFFmB/If14iN5o9nw/NgnnM+kybDJpRsAynV2BsfpTYrTRysYUdADVD7CkUUizgkpLfg=="
    },
    "jquery-ui-sortable": {
      "version": "1.0.0",
      "resolved": "https://registry.npmjs.org/jquery-ui-sortable/-/jquery-ui-sortable-1.0.0.tgz",
      "integrity": "sha512-7xAUWoEJ/jHoj48ei8CCUtiad2uM3ie3IR2b3KB0Mpmb54IbBxzVb5vtrj0zqtd0GNQDImx+BPZml9QmK2EL3w=="
    }
  }
}
